// !$*UTF8*$!
{
	archiveVersion = 1;
	classes = {
	};
	objectVersion = 46;
	objects = {

/* Begin PBXBuildFile section */
		8E20A5DE1B7DFAA0006819C8 /* AppController.swift in Sources */ = {isa = PBXBuildFile; fileRef = 8E20A5DD1B7DFAA0006819C8 /* AppController.swift */; };
		8E20A5E21B7E002C006819C8 /* LoginHelper.swift in Sources */ = {isa = PBXBuildFile; fileRef = 8E20A5E11B7E002C006819C8 /* LoginHelper.swift */; };
		8E20A5E41B7E004A006819C8 /* PreferenceManager.swift in Sources */ = {isa = PBXBuildFile; fileRef = 8E20A5E31B7E004A006819C8 /* PreferenceManager.swift */; };
		8E20A5E61B7E09E8006819C8 /* CaffeinateController.swift in Sources */ = {isa = PBXBuildFile; fileRef = 8E20A5E51B7E09E8006819C8 /* CaffeinateController.swift */; };
		8E495B711B7FF46200A93A46 /* Sparkle.framework in Frameworks */ = {isa = PBXBuildFile; fileRef = 8E495B701B7FF46200A93A46 /* Sparkle.framework */; };
		8E495B731B7FF47700A93A46 /* Sparkle.framework in CopyFiles */ = {isa = PBXBuildFile; fileRef = 8E495B701B7FF46200A93A46 /* Sparkle.framework */; settings = {ATTRIBUTES = (CodeSignOnCopy, RemoveHeadersOnCopy, ); }; };
		8E495B751B7FF6AA00A93A46 /* dsa_pub.pem in Resources */ = {isa = PBXBuildFile; fileRef = 8E495B741B7FF6AA00A93A46 /* dsa_pub.pem */; };
		8E9EAD501B7CEA7C006FE53F /* AppDelegate.swift in Sources */ = {isa = PBXBuildFile; fileRef = 8E9EAD4F1B7CEA7C006FE53F /* AppDelegate.swift */; };
		8E9EAD551B7CEA7C006FE53F /* MainMenu.xib in Resources */ = {isa = PBXBuildFile; fileRef = 8E9EAD531B7CEA7C006FE53F /* MainMenu.xib */; };
		8E9EAD5F1B7CEAEC006FE53F /* Assets.xcassets in Resources */ = {isa = PBXBuildFile; fileRef = 8E9EAD5E1B7CEAEC006FE53F /* Assets.xcassets */; };
/* End PBXBuildFile section */

/* Begin PBXCopyFilesBuildPhase section */
		8E495B721B7FF46F00A93A46 /* CopyFiles */ = {
			isa = PBXCopyFilesBuildPhase;
			buildActionMask = 2147483647;
			dstPath = "";
			dstSubfolderSpec = 10;
			files = (
				8E495B731B7FF47700A93A46 /* Sparkle.framework in CopyFiles */,
			);
			runOnlyForDeploymentPostprocessing = 0;
		};
/* End PBXCopyFilesBuildPhase section */

/* Begin PBXFileReference section */
		8E20A5DD1B7DFAA0006819C8 /* AppController.swift */ = {isa = PBXFileReference; fileEncoding = 4; lastKnownFileType = sourcecode.swift; path = AppController.swift; sourceTree = "<group>"; };
		8E20A5E11B7E002C006819C8 /* LoginHelper.swift */ = {isa = PBXFileReference; fileEncoding = 4; lastKnownFileType = sourcecode.swift; path = LoginHelper.swift; sourceTree = "<group>"; };
		8E20A5E31B7E004A006819C8 /* PreferenceManager.swift */ = {isa = PBXFileReference; fileEncoding = 4; lastKnownFileType = sourcecode.swift; path = PreferenceManager.swift; sourceTree = "<group>"; };
		8E20A5E51B7E09E8006819C8 /* CaffeinateController.swift */ = {isa = PBXFileReference; fileEncoding = 4; lastKnownFileType = sourcecode.swift; path = CaffeinateController.swift; sourceTree = "<group>"; };
		8E495B701B7FF46200A93A46 /* Sparkle.framework */ = {isa = PBXFileReference; lastKnownFileType = wrapper.framework; path = Sparkle.framework; sourceTree = "<group>"; };
		8E495B741B7FF6AA00A93A46 /* dsa_pub.pem */ = {isa = PBXFileReference; fileEncoding = 4; lastKnownFileType = text; path = dsa_pub.pem; sourceTree = "<group>"; };
		8E9EAD4C1B7CEA7C006FE53F /* Espresso.app */ = {isa = PBXFileReference; explicitFileType = wrapper.application; includeInIndex = 0; path = Espresso.app; sourceTree = BUILT_PRODUCTS_DIR; };
		8E9EAD4F1B7CEA7C006FE53F /* AppDelegate.swift */ = {isa = PBXFileReference; lastKnownFileType = sourcecode.swift; path = AppDelegate.swift; sourceTree = "<group>"; };
		8E9EAD541B7CEA7C006FE53F /* Base */ = {isa = PBXFileReference; lastKnownFileType = file.xib; name = Base; path = Base.lproj/MainMenu.xib; sourceTree = "<group>"; };
		8E9EAD561B7CEA7C006FE53F /* Info.plist */ = {isa = PBXFileReference; lastKnownFileType = text.plist.xml; path = Info.plist; sourceTree = "<group>"; };
		8E9EAD5E1B7CEAEC006FE53F /* Assets.xcassets */ = {isa = PBXFileReference; lastKnownFileType = folder.assetcatalog; path = Assets.xcassets; sourceTree = "<group>"; };
/* End PBXFileReference section */

/* Begin PBXFrameworksBuildPhase section */
		8E9EAD491B7CEA7C006FE53F /* Frameworks */ = {
			isa = PBXFrameworksBuildPhase;
			buildActionMask = 2147483647;
			files = (
				8E495B711B7FF46200A93A46 /* Sparkle.framework in Frameworks */,
			);
			runOnlyForDeploymentPostprocessing = 0;
		};
/* End PBXFrameworksBuildPhase section */

/* Begin PBXGroup section */
		8E495B6F1B7FF44F00A93A46 /* Frameworks */ = {
			isa = PBXGroup;
			children = (
				8E495B701B7FF46200A93A46 /* Sparkle.framework */,
			);
			name = Frameworks;
			sourceTree = "<group>";
		};
		8E9EAD431B7CEA7C006FE53F = {
			isa = PBXGroup;
			children = (
				8E9EAD4E1B7CEA7C006FE53F /* Espresso */,
				8E495B6F1B7FF44F00A93A46 /* Frameworks */,
				8E9EAD4D1B7CEA7C006FE53F /* Products */,
			);
			sourceTree = "<group>";
		};
		8E9EAD4D1B7CEA7C006FE53F /* Products */ = {
			isa = PBXGroup;
			children = (
				8E9EAD4C1B7CEA7C006FE53F /* Espresso.app */,
			);
			name = Products;
			sourceTree = "<group>";
		};
		8E9EAD4E1B7CEA7C006FE53F /* Espresso */ = {
			isa = PBXGroup;
			children = (
				8E9EAD4F1B7CEA7C006FE53F /* AppDelegate.swift */,
				8E20A5DD1B7DFAA0006819C8 /* AppController.swift */,
				8E20A5E11B7E002C006819C8 /* LoginHelper.swift */,
				8E20A5E31B7E004A006819C8 /* PreferenceManager.swift */,
				8E20A5E51B7E09E8006819C8 /* CaffeinateController.swift */,
				8E9EAD5D1B7CEABC006FE53F /* UI */,
				8E9EAD5C1B7CEAAF006FE53F /* Resources */,
			);
			path = Espresso;
			sourceTree = "<group>";
		};
		8E9EAD5C1B7CEAAF006FE53F /* Resources */ = {
			isa = PBXGroup;
			children = (
				8E9EAD5E1B7CEAEC006FE53F /* Assets.xcassets */,
				8E9EAD561B7CEA7C006FE53F /* Info.plist */,
				8E495B741B7FF6AA00A93A46 /* dsa_pub.pem */,
			);
			name = Resources;
			sourceTree = "<group>";
		};
		8E9EAD5D1B7CEABC006FE53F /* UI */ = {
			isa = PBXGroup;
			children = (
				8E9EAD531B7CEA7C006FE53F /* MainMenu.xib */,
			);
			name = UI;
			sourceTree = "<group>";
		};
/* End PBXGroup section */

/* Begin PBXNativeTarget section */
		8E9EAD4B1B7CEA7C006FE53F /* Espresso */ = {
			isa = PBXNativeTarget;
			buildConfigurationList = 8E9EAD591B7CEA7C006FE53F /* Build configuration list for PBXNativeTarget "Espresso" */;
			buildPhases = (
				8E9EAD481B7CEA7C006FE53F /* Sources */,
				8E9EAD491B7CEA7C006FE53F /* Frameworks */,
				8E9EAD4A1B7CEA7C006FE53F /* Resources */,
				8E495B721B7FF46F00A93A46 /* CopyFiles */,
				8E99142C1C2294CD00FB86ED /* ShellScript */,
			);
			buildRules = (
			);
			dependencies = (
			);
			name = Espresso;
			productName = Espresso;
			productReference = 8E9EAD4C1B7CEA7C006FE53F /* Espresso.app */;
			productType = "com.apple.product-type.application";
		};
/* End PBXNativeTarget section */

/* Begin PBXProject section */
		8E9EAD441B7CEA7C006FE53F /* Project object */ = {
			isa = PBXProject;
			attributes = {
				LastUpgradeCheck = 0700;
				ORGANIZATIONNAME = "Raphael Hanneken";
				TargetAttributes = {
					8E9EAD4B1B7CEA7C006FE53F = {
						CreatedOnToolsVersion = 7.0;
						LastSwiftMigration = 0800;
					};
				};
			};
			buildConfigurationList = 8E9EAD471B7CEA7C006FE53F /* Build configuration list for PBXProject "Espresso" */;
			compatibilityVersion = "Xcode 3.2";
			developmentRegion = English;
			hasScannedForEncodings = 0;
			knownRegions = (
				en,
				Base,
			);
			mainGroup = 8E9EAD431B7CEA7C006FE53F;
			productRefGroup = 8E9EAD4D1B7CEA7C006FE53F /* Products */;
			projectDirPath = "";
			projectRoot = "";
			targets = (
				8E9EAD4B1B7CEA7C006FE53F /* Espresso */,
			);
		};
/* End PBXProject section */

/* Begin PBXResourcesBuildPhase section */
		8E9EAD4A1B7CEA7C006FE53F /* Resources */ = {
			isa = PBXResourcesBuildPhase;
			buildActionMask = 2147483647;
			files = (
				8E9EAD5F1B7CEAEC006FE53F /* Assets.xcassets in Resources */,
				8E495B751B7FF6AA00A93A46 /* dsa_pub.pem in Resources */,
				8E9EAD551B7CEA7C006FE53F /* MainMenu.xib in Resources */,
			);
			runOnlyForDeploymentPostprocessing = 0;
		};
/* End PBXResourcesBuildPhase section */

/* Begin PBXShellScriptBuildPhase section */
		8E99142C1C2294CD00FB86ED /* ShellScript */ = {
			isa = PBXShellScriptBuildPhase;
			buildActionMask = 2147483647;
			files = (
			);
			inputPaths = (
			);
			outputPaths = (
			);
			runOnlyForDeploymentPostprocessing = 0;
			shellPath = /bin/sh;
			shellScript = "if which swiftlint >/dev/null; then\n  swiftlint autocorrect\n  swiftlint\nelse\n  echo \"ERR: SwiftLint not found!\"\nfi";
		};
/* End PBXShellScriptBuildPhase section */

/* Begin PBXSourcesBuildPhase section */
		8E9EAD481B7CEA7C006FE53F /* Sources */ = {
			isa = PBXSourcesBuildPhase;
			buildActionMask = 2147483647;
			files = (
				8E20A5E41B7E004A006819C8 /* PreferenceManager.swift in Sources */,
				8E9EAD501B7CEA7C006FE53F /* AppDelegate.swift in Sources */,
				8E20A5DE1B7DFAA0006819C8 /* AppController.swift in Sources */,
				8E20A5E21B7E002C006819C8 /* LoginHelper.swift in Sources */,
				8E20A5E61B7E09E8006819C8 /* CaffeinateController.swift in Sources */,
			);
			runOnlyForDeploymentPostprocessing = 0;
		};
/* End PBXSourcesBuildPhase section */

/* Begin PBXVariantGroup section */
		8E9EAD531B7CEA7C006FE53F /* MainMenu.xib */ = {
			isa = PBXVariantGroup;
			children = (
				8E9EAD541B7CEA7C006FE53F /* Base */,
			);
			name = MainMenu.xib;
			sourceTree = "<group>";
		};
/* End PBXVariantGroup section */

/* Begin XCBuildConfiguration section */
		8E9EAD571B7CEA7C006FE53F /* Debug */ = {
			isa = XCBuildConfiguration;
			buildSettings = {
				ALWAYS_SEARCH_USER_PATHS = NO;
				CLANG_CXX_LANGUAGE_STANDARD = "gnu++0x";
				CLANG_CXX_LIBRARY = "libc++";
				CLANG_ENABLE_MODULES = YES;
				CLANG_ENABLE_OBJC_ARC = YES;
				CLANG_WARN_BOOL_CONVERSION = YES;
				CLANG_WARN_CONSTANT_CONVERSION = YES;
				CLANG_WARN_DIRECT_OBJC_ISA_USAGE = YES_ERROR;
				CLANG_WARN_EMPTY_BODY = YES;
				CLANG_WARN_ENUM_CONVERSION = YES;
				CLANG_WARN_INT_CONVERSION = YES;
				CLANG_WARN_OBJC_ROOT_CLASS = YES_ERROR;
				CLANG_WARN_UNREACHABLE_CODE = YES;
				CLANG_WARN__DUPLICATE_METHOD_MATCH = YES;
				CODE_SIGN_IDENTITY = "-";
				COPY_PHASE_STRIP = NO;
				DEBUG_INFORMATION_FORMAT = dwarf;
				ENABLE_STRICT_OBJC_MSGSEND = YES;
				ENABLE_TESTABILITY = YES;
				GCC_C_LANGUAGE_STANDARD = gnu99;
				GCC_DYNAMIC_NO_PIC = NO;
				GCC_NO_COMMON_BLOCKS = YES;
				GCC_OPTIMIZATION_LEVEL = 0;
				GCC_PREPROCESSOR_DEFINITIONS = (
					"DEBUG=1",
					"$(inherited)",
				);
				GCC_WARN_64_TO_32_BIT_CONVERSION = YES;
				GCC_WARN_ABOUT_RETURN_TYPE = YES_ERROR;
				GCC_WARN_UNDECLARED_SELECTOR = YES;
				GCC_WARN_UNINITIALIZED_AUTOS = YES_AGGRESSIVE;
				GCC_WARN_UNUSED_FUNCTION = YES;
				GCC_WARN_UNUSED_VARIABLE = YES;
				MACOSX_DEPLOYMENT_TARGET = 10.10;
				MTL_ENABLE_DEBUG_INFO = YES;
				ONLY_ACTIVE_ARCH = YES;
				SDKROOT = macosx;
				SWIFT_OPTIMIZATION_LEVEL = "-Onone";
			};
			name = Debug;
		};
		8E9EAD581B7CEA7C006FE53F /* Release */ = {
			isa = XCBuildConfiguration;
			buildSettings = {
				ALWAYS_SEARCH_USER_PATHS = NO;
				CLANG_CXX_LANGUAGE_STANDARD = "gnu++0x";
				CLANG_CXX_LIBRARY = "libc++";
				CLANG_ENABLE_MODULES = YES;
				CLANG_ENABLE_OBJC_ARC = YES;
				CLANG_WARN_BOOL_CONVERSION = YES;
				CLANG_WARN_CONSTANT_CONVERSION = YES;
				CLANG_WARN_DIRECT_OBJC_ISA_USAGE = YES_ERROR;
				CLANG_WARN_EMPTY_BODY = YES;
				CLANG_WARN_ENUM_CONVERSION = YES;
				CLANG_WARN_INT_CONVERSION = YES;
				CLANG_WARN_OBJC_ROOT_CLASS = YES_ERROR;
				CLANG_WARN_UNREACHABLE_CODE = YES;
				CLANG_WARN__DUPLICATE_METHOD_MATCH = YES;
				CODE_SIGN_IDENTITY = "-";
				COPY_PHASE_STRIP = NO;
				DEBUG_INFORMATION_FORMAT = "dwarf-with-dsym";
				ENABLE_NS_ASSERTIONS = NO;
				ENABLE_STRICT_OBJC_MSGSEND = YES;
				GCC_C_LANGUAGE_STANDARD = gnu99;
				GCC_NO_COMMON_BLOCKS = YES;
				GCC_WARN_64_TO_32_BIT_CONVERSION = YES;
				GCC_WARN_ABOUT_RETURN_TYPE = YES_ERROR;
				GCC_WARN_UNDECLARED_SELECTOR = YES;
				GCC_WARN_UNINITIALIZED_AUTOS = YES_AGGRESSIVE;
				GCC_WARN_UNUSED_FUNCTION = YES;
				GCC_WARN_UNUSED_VARIABLE = YES;
				MACOSX_DEPLOYMENT_TARGET = 10.10;
				MTL_ENABLE_DEBUG_INFO = NO;
				SDKROOT = macosx;
			};
			name = Release;
		};
		8E9EAD5A1B7CEA7C006FE53F /* Debug */ = {
			isa = XCBuildConfiguration;
			buildSettings = {
				ASSETCATALOG_COMPILER_APPICON_NAME = Espresso;
				COMBINE_HIDPI_IMAGES = YES;
				FRAMEWORK_SEARCH_PATHS = (
					"$(inherited)",
					"$(PROJECT_DIR)/**",
				);
				INFOPLIST_FILE = Espresso/Info.plist;
				LD_RUNPATH_SEARCH_PATHS = "$(inherited) @executable_path/../Frameworks";
				OTHER_LDFLAGS = "-Wl,-rpath,@loader_path/../Frameworks";
				PRODUCT_BUNDLE_IDENTIFIER = io.raphaelhanneken.espresso;
				PRODUCT_NAME = "$(TARGET_NAME)";
				SWIFT_VERSION = 3.0;
			};
			name = Debug;
		};
		8E9EAD5B1B7CEA7C006FE53F /* Release */ = {
			isa = XCBuildConfiguration;
			buildSettings = {
				ASSETCATALOG_COMPILER_APPICON_NAME = Espresso;
				COMBINE_HIDPI_IMAGES = YES;
				FRAMEWORK_SEARCH_PATHS = (
					"$(inherited)",
					"$(PROJECT_DIR)/**",
				);
				INFOPLIST_FILE = Espresso/Info.plist;
				LD_RUNPATH_SEARCH_PATHS = "$(inherited) @executable_path/../Frameworks";
				OTHER_LDFLAGS = "-Wl,-rpath,@loader_path/../Frameworks";
				PRODUCT_BUNDLE_IDENTIFIER = io.raphaelhanneken.espresso;
				PRODUCT_NAME = "$(TARGET_NAME)";
				SWIFT_VERSION = 3.0;
			};
			name = Release;
		};
/* End XCBuildConfiguration section */

/* Begin XCConfigurationList section */
		8E9EAD471B7CEA7C006FE53F /* Build configuration list for PBXProject "Espresso" */ = {
			isa = XCConfigurationList;
			buildConfigurations = (
				8E9EAD571B7CEA7C006FE53F /* Debug */,
				8E9EAD581B7CEA7C006FE53F /* Release */,
			);
			defaultConfigurationIsVisible = 0;
			defaultConfigurationName = Release;
		};
		8E9EAD591B7CEA7C006FE53F /* Build configuration list for PBXNativeTarget "Espresso" */ = {
			isa = XCConfigurationList;
			buildConfigurations = (
				8E9EAD5A1B7CEA7C006FE53F /* Debug */,
				8E9EAD5B1B7CEA7C006FE53F /* Release */,
			);
			defaultConfigurationIsVisible = 0;
			defaultConfigurationName = Release;
		};
/* End XCConfigurationList section */
	};
	rootObject = 8E9EAD441B7CEA7C006FE53F /* Project object */;
}
